{
  "name": "npm-test",
  "version": "1.0.0",
  "lockfileVersion": 1,
  "requires": true,
  "dependencies": {
    "stock-cctx": {
      "version": "0.0.6",
      "resolved": "https://registry.npmjs.org/stock-cctx/-/stock-cctx-0.0.6.tgz",
      "integrity": "sha512-vG5npuLgN4fpsd34EAOrm69QpeIJVRSy7Bs69+bor1+l6Npp+FUkpuCz05TlBM/+5f88KtZqKvyeh6EmVbcusg=="
    }
  }
}
