{
  "name": "npm-test",
  "version": "1.0.0",
  "lockfileVersion": 1,
  "requires": true,
  "dependencies": {
    "stock-cctx": {
      "version": "0.0.7",
      "resolved": "https://registry.npmjs.org/stock-cctx/-/stock-cctx-0.0.7.tgz",
      "integrity": "sha512-7f9nCOxafOI4lCkI7cCS/v0qlGTvY7tR9NYcI+QgQgFmzpTfXo7Hew0+zvfoNsOgnMeHqAToUw4h7+CmSWR72Q=="
    }
  }
}
